
Microsoft Visual Studio Solution File, Format Version 12.00
# Visual Studio Version 17
VisualStudioVersion = 17.2.32516.85
MinimumVisualStudioVersion = 10.0.40219.1
Project("{F184B08F-C81C-45F6-A57F-5ABD9991F28F}") = "Clase 1 tecnicatura", "Clase 1 tecnicatura.vbproj", "{91B525DF-9BD1-4D5C-8EAC-00D9D6B37BC1}"
EndProject
Global
	GlobalSection(SolutionConfigurationPlatforms) = preSolution
		Debug|Any CPU = Debug|Any CPU
		Release|Any CPU = Release|Any CPU
	EndGlobalSection
	GlobalSection(ProjectConfigurationPlatforms) = postSolution
		{91B525DF-9BD1-4D5C-8EAC-00D9D6B37BC1}.Debug|Any CPU.ActiveCfg = Debug|Any CPU
		{91B525DF-9BD1-4D5C-8EAC-00D9D6B37BC1}.Debug|Any CPU.Build.0 = Debug|Any CPU
		{91B525DF-9BD1-4D5C-8EAC-00D9D6B37BC1}.Release|Any CPU.ActiveCfg = Release|Any CPU
		{91B525DF-9BD1-4D5C-8EAC-00D9D6B37BC1}.Release|Any CPU.Build.0 = Release|Any CPU
	EndGlobalSection
	GlobalSection(SolutionProperties) = preSolution
		HideSolutionNode = FALSE
	EndGlobalSection
	GlobalSection(ExtensibilityGlobals) = postSolution
		SolutionGuid = {6AC47FB8-4A35-4381-823D-59BEEB4AC917}
	EndGlobalSection
EndGlobal
